
Microsoft Visual Studio Solution File, Format Version 12.00
# Visual Studio Version 16
VisualStudioVersion = 16.0.808.9
MinimumVisualStudioVersion = 10.0.40219.1
Project("{FAE04EC0-301F-11D3-BF4B-00C04F79EFBC}") = "Testproject1", "Testproject1\Testproject1.csproj", "{65C1F17A-075C-44F2-ADB5-D09F3C7F3111}"
EndProject
Global
	GlobalSection(SolutionConfigurationPlatforms) = preSolution
		Debug|Any CPU = Debug|Any CPU
		Release|Any CPU = Release|Any CPU
	EndGlobalSection
	GlobalSection(ProjectConfigurationPlatforms) = postSolution
		{65C1F17A-075C-44F2-ADB5-D09F3C7F3111}.Debug|Any CPU.ActiveCfg = Debug|Any CPU
		{65C1F17A-075C-44F2-ADB5-D09F3C7F3111}.Debug|Any CPU.Build.0 = Debug|Any CPU
		{65C1F17A-075C-44F2-ADB5-D09F3C7F3111}.Release|Any CPU.ActiveCfg = Release|Any CPU
		{65C1F17A-075C-44F2-ADB5-D09F3C7F3111}.Release|Any CPU.Build.0 = Release|Any CPU
	EndGlobalSection
	GlobalSection(SolutionProperties) = preSolution
		HideSolutionNode = FALSE
	EndGlobalSection
	GlobalSection(ExtensibilityGlobals) = postSolution
		SolutionGuid = {691136C5-395C-4E1F-9C66-65CAC135DCCD}
	EndGlobalSection
EndGlobal
